
Microsoft Visual Studio Solution File, Format Version 12.00
# Visual Studio Version 17
VisualStudioVersion = 17.0.31903.59
MinimumVisualStudioVersion = 10.0.40219.1
Project("{2150E333-8FDC-42A3-9474-1A3956D46DE8}") = "src", "src", "{827E0CD3-B72D-47B6-A68D-7590B98EB39B}"
EndProject
Project("{FAE04EC0-301F-11D3-BF4B-00C04F79EFBC}") = "IronVault.Core", "src\IronVault.Core\IronVault.Core.csproj", "{A847CC18-66E8-413B-9A7A-D3BE3A5EE349}"
EndProject
Project("{FAE04EC0-301F-11D3-BF4B-00C04F79EFBC}") = "IronVault.Renderer", "src\IronVault.Renderer\IronVault.Renderer.csproj", "{3FF8C0E2-FB5A-4EC5-A0F0-CA4951BCD0D5}"
EndProject
Project("{FAE04EC0-301F-11D3-BF4B-00C04F79EFBC}") = "IronVault.Desktop", "src\IronVault.Desktop\IronVault.Desktop.csproj", "{4C0F102D-2118-4315-9CA0-60F9A82EE365}"
EndProject
Project("{FAE04EC0-301F-11D3-BF4B-00C04F79EFBC}") = "IronVault.Browser", "src\IronVault.Browser\IronVault.Browser.csproj", "{B56757EA-DD4C-4169-9DC4-E52891523D69}"
EndProject
Project("{FAE04EC0-301F-11D3-BF4B-00C04F79EFBC}") = "Pipboy.Avalonia", "..\Pipboy.Avalonia\src\Pipboy.Avalonia\Pipboy.Avalonia.csproj", "{F88F3411-D0C9-4AF7-B584-0D9E28367C5C}"
EndProject
Project("{FAE04EC0-301F-11D3-BF4B-00C04F79EFBC}") = "IronVault.App", "src\IronVault.App\IronVault.App.csproj", "{F2B07359-A323-4DC2-90E3-B4EAEB94439F}"
EndProject
Project("{FAE04EC0-301F-11D3-BF4B-00C04F79EFBC}") = "IronVault.Android", "src\IronVault.Android\IronVault.Android.csproj", "{80276477-75E8-4E34-83A6-3FC81A8A708B}"
EndProject
Project("{FAE04EC0-301F-11D3-BF4B-00C04F79EFBC}") = "IronVault.iOS", "src\IronVault.iOS\IronVault.iOS.csproj", "{3FFC6EA2-71A1-4613-8169-18E4C781AD60}"
EndProject
Global
	GlobalSection(SolutionConfigurationPlatforms) = preSolution
		Debug|Any CPU = Debug|Any CPU
		Debug|x64 = Debug|x64
		Debug|x86 = Debug|x86
		Release|Any CPU = Release|Any CPU
		Release|x64 = Release|x64
		Release|x86 = Release|x86
	EndGlobalSection
	GlobalSection(ProjectConfigurationPlatforms) = postSolution
		{A847CC18-66E8-413B-9A7A-D3BE3A5EE349}.Debug|Any CPU.ActiveCfg = Debug|Any CPU
		{A847CC18-66E8-413B-9A7A-D3BE3A5EE349}.Debug|Any CPU.Build.0 = Debug|Any CPU
		{A847CC18-66E8-413B-9A7A-D3BE3A5EE349}.Debug|x64.ActiveCfg = Debug|Any CPU
		{A847CC18-66E8-413B-9A7A-D3BE3A5EE349}.Debug|x64.Build.0 = Debug|Any CPU
		{A847CC18-66E8-413B-9A7A-D3BE3A5EE349}.Debug|x86.ActiveCfg = Debug|Any CPU
		{A847CC18-66E8-413B-9A7A-D3BE3A5EE349}.Debug|x86.Build.0 = Debug|Any CPU
		{A847CC18-66E8-413B-9A7A-D3BE3A5EE349}.Release|Any CPU.ActiveCfg = Release|Any CPU
		{A847CC18-66E8-413B-9A7A-D3BE3A5EE349}.Release|Any CPU.Build.0 = Release|Any CPU
		{A847CC18-66E8-413B-9A7A-D3BE3A5EE349}.Release|x64.ActiveCfg = Release|Any CPU
		{A847CC18-66E8-413B-9A7A-D3BE3A5EE349}.Release|x64.Build.0 = Release|Any CPU
		{A847CC18-66E8-413B-9A7A-D3BE3A5EE349}.Release|x86.ActiveCfg = Release|Any CPU
		{A847CC18-66E8-413B-9A7A-D3BE3A5EE349}.Release|x86.Build.0 = Release|Any CPU
		{3FF8C0E2-FB5A-4EC5-A0F0-CA4951BCD0D5}.Debug|Any CPU.ActiveCfg = Debug|Any CPU
		{3FF8C0E2-FB5A-4EC5-A0F0-CA4951BCD0D5}.Debug|Any CPU.Build.0 = Debug|Any CPU
		{3FF8C0E2-FB5A-4EC5-A0F0-CA4951BCD0D5}.Debug|x64.ActiveCfg = Debug|Any CPU
		{3FF8C0E2-FB5A-4EC5-A0F0-CA4951BCD0D5}.Debug|x64.Build.0 = Debug|Any CPU
		{3FF8C0E2-FB5A-4EC5-A0F0-CA4951BCD0D5}.Debug|x86.ActiveCfg = Debug|Any CPU
		{3FF8C0E2-FB5A-4EC5-A0F0-CA4951BCD0D5}.Debug|x86.Build.0 = Debug|Any CPU
		{3FF8C0E2-FB5A-4EC5-A0F0-CA4951BCD0D5}.Release|Any CPU.ActiveCfg = Release|Any CPU
		{3FF8C0E2-FB5A-4EC5-A0F0-CA4951BCD0D5}.Release|Any CPU.Build.0 = Release|Any CPU
		{3FF8C0E2-FB5A-4EC5-A0F0-CA4951BCD0D5}.Release|x64.ActiveCfg = Release|Any CPU
		{3FF8C0E2-FB5A-4EC5-A0F0-CA4951BCD0D5}.Release|x64.Build.0 = Release|Any CPU
		{3FF8C0E2-FB5A-4EC5-A0F0-CA4951BCD0D5}.Release|x86.ActiveCfg = Release|Any CPU
		{3FF8C0E2-FB5A-4EC5-A0F0-CA4951BCD0D5}.Release|x86.Build.0 = Release|Any CPU
		{4C0F102D-2118-4315-9CA0-60F9A82EE365}.Debug|Any CPU.ActiveCfg = Debug|Any CPU
		{4C0F102D-2118-4315-9CA0-60F9A82EE365}.Debug|Any CPU.Build.0 = Debug|Any CPU
		{4C0F102D-2118-4315-9CA0-60F9A82EE365}.Debug|x64.ActiveCfg = Debug|Any CPU
		{4C0F102D-2118-4315-9CA0-60F9A82EE365}.Debug|x64.Build.0 = Debug|Any CPU
		{4C0F102D-2118-4315-9CA0-60F9A82EE365}.Debug|x86.ActiveCfg = Debug|Any CPU
		{4C0F102D-2118-4315-9CA0-60F9A82EE365}.Debug|x86.Build.0 = Debug|Any CPU
		{4C0F102D-2118-4315-9CA0-60F9A82EE365}.Release|Any CPU.ActiveCfg = Release|Any CPU
		{4C0F102D-2118-4315-9CA0-60F9A82EE365}.Release|Any CPU.Build.0 = Release|Any CPU
		{4C0F102D-2118-4315-9CA0-60F9A82EE365}.Release|x64.ActiveCfg = Release|Any CPU
		{4C0F102D-2118-4315-9CA0-60F9A82EE365}.Release|x64.Build.0 = Release|Any CPU
		{4C0F102D-2118-4315-9CA0-60F9A82EE365}.Release|x86.ActiveCfg = Release|Any CPU
		{4C0F102D-2118-4315-9CA0-60F9A82EE365}.Release|x86.Build.0 = Release|Any CPU
		{B56757EA-DD4C-4169-9DC4-E52891523D69}.Debug|Any CPU.ActiveCfg = Debug|Any CPU
		{B56757EA-DD4C-4169-9DC4-E52891523D69}.Debug|Any CPU.Build.0 = Debug|Any CPU
		{B56757EA-DD4C-4169-9DC4-E52891523D69}.Debug|x64.ActiveCfg = Debug|Any CPU
		{B56757EA-DD4C-4169-9DC4-E52891523D69}.Debug|x64.Build.0 = Debug|Any CPU
		{B56757EA-DD4C-4169-9DC4-E52891523D69}.Debug|x86.ActiveCfg = Debug|Any CPU
		{B56757EA-DD4C-4169-9DC4-E52891523D69}.Debug|x86.Build.0 = Debug|Any CPU
		{B56757EA-DD4C-4169-9DC4-E52891523D69}.Release|Any CPU.ActiveCfg = Release|Any CPU
		{B56757EA-DD4C-4169-9DC4-E52891523D69}.Release|Any CPU.Build.0 = Release|Any CPU
		{B56757EA-DD4C-4169-9DC4-E52891523D69}.Release|x64.ActiveCfg = Release|Any CPU
		{B56757EA-DD4C-4169-9DC4-E52891523D69}.Release|x64.Build.0 = Release|Any CPU
		{B56757EA-DD4C-4169-9DC4-E52891523D69}.Release|x86.ActiveCfg = Release|Any CPU
		{B56757EA-DD4C-4169-9DC4-E52891523D69}.Release|x86.Build.0 = Release|Any CPU
		{F88F3411-D0C9-4AF7-B584-0D9E28367C5C}.Debug|Any CPU.ActiveCfg = Debug|Any CPU
		{F88F3411-D0C9-4AF7-B584-0D9E28367C5C}.Debug|Any CPU.Build.0 = Debug|Any CPU
		{F88F3411-D0C9-4AF7-B584-0D9E28367C5C}.Debug|x64.ActiveCfg = Debug|Any CPU
		{F88F3411-D0C9-4AF7-B584-0D9E28367C5C}.Debug|x64.Build.0 = Debug|Any CPU
		{F88F3411-D0C9-4AF7-B584-0D9E28367C5C}.Debug|x86.ActiveCfg = Debug|Any CPU
		{F88F3411-D0C9-4AF7-B584-0D9E28367C5C}.Debug|x86.Build.0 = Debug|Any CPU
		{F88F3411-D0C9-4AF7-B584-0D9E28367C5C}.Release|Any CPU.ActiveCfg = Release|Any CPU
		{F88F3411-D0C9-4AF7-B584-0D9E28367C5C}.Release|Any CPU.Build.0 = Release|Any CPU
		{F88F3411-D0C9-4AF7-B584-0D9E28367C5C}.Release|x64.ActiveCfg = Release|Any CPU
		{F88F3411-D0C9-4AF7-B584-0D9E28367C5C}.Release|x64.Build.0 = Release|Any CPU
		{F88F3411-D0C9-4AF7-B584-0D9E28367C5C}.Release|x86.ActiveCfg = Release|Any CPU
		{F88F3411-D0C9-4AF7-B584-0D9E28367C5C}.Release|x86.Build.0 = Release|Any CPU
		{F2B07359-A323-4DC2-90E3-B4EAEB94439F}.Debug|Any CPU.ActiveCfg = Debug|Any CPU
		{F2B07359-A323-4DC2-90E3-B4EAEB94439F}.Debug|Any CPU.Build.0 = Debug|Any CPU
		{F2B07359-A323-4DC2-90E3-B4EAEB94439F}.Debug|x64.ActiveCfg = Debug|Any CPU
		{F2B07359-A323-4DC2-90E3-B4EAEB94439F}.Debug|x64.Build.0 = Debug|Any CPU
		{F2B07359-A323-4DC2-90E3-B4EAEB94439F}.Debug|x86.ActiveCfg = Debug|Any CPU
		{F2B07359-A323-4DC2-90E3-B4EAEB94439F}.Debug|x86.Build.0 = Debug|Any CPU
		{F2B07359-A323-4DC2-90E3-B4EAEB94439F}.Release|Any CPU.ActiveCfg = Release|Any CPU
		{F2B07359-A323-4DC2-90E3-B4EAEB94439F}.Release|Any CPU.Build.0 = Release|Any CPU
		{F2B07359-A323-4DC2-90E3-B4EAEB94439F}.Release|x64.ActiveCfg = Release|Any CPU
		{F2B07359-A323-4DC2-90E3-B4EAEB94439F}.Release|x64.Build.0 = Release|Any CPU
		{F2B07359-A323-4DC2-90E3-B4EAEB94439F}.Release|x86.ActiveCfg = Release|Any CPU
		{F2B07359-A323-4DC2-90E3-B4EAEB94439F}.Release|x86.Build.0 = Release|Any CPU
		{80276477-75E8-4E34-83A6-3FC81A8A708B}.Debug|Any CPU.ActiveCfg = Debug|Any CPU
		{80276477-75E8-4E34-83A6-3FC81A8A708B}.Debug|Any CPU.Build.0 = Debug|Any CPU
		{80276477-75E8-4E34-83A6-3FC81A8A708B}.Debug|x64.ActiveCfg = Debug|Any CPU
		{80276477-75E8-4E34-83A6-3FC81A8A708B}.Debug|x64.Build.0 = Debug|Any CPU
		{80276477-75E8-4E34-83A6-3FC81A8A708B}.Debug|x86.ActiveCfg = Debug|Any CPU
		{80276477-75E8-4E34-83A6-3FC81A8A708B}.Debug|x86.Build.0 = Debug|Any CPU
		{80276477-75E8-4E34-83A6-3FC81A8A708B}.Release|Any CPU.ActiveCfg = Release|Any CPU
		{80276477-75E8-4E34-83A6-3FC81A8A708B}.Release|Any CPU.Build.0 = Release|Any CPU
		{80276477-75E8-4E34-83A6-3FC81A8A708B}.Release|x64.ActiveCfg = Release|Any CPU
		{80276477-75E8-4E34-83A6-3FC81A8A708B}.Release|x64.Build.0 = Release|Any CPU
		{80276477-75E8-4E34-83A6-3FC81A8A708B}.Release|x86.ActiveCfg = Release|Any CPU
		{80276477-75E8-4E34-83A6-3FC81A8A708B}.Release|x86.Build.0 = Release|Any CPU
		{3FFC6EA2-71A1-4613-8169-18E4C781AD60}.Debug|Any CPU.ActiveCfg = Debug|Any CPU
		{3FFC6EA2-71A1-4613-8169-18E4C781AD60}.Debug|Any CPU.Build.0 = Debug|Any CPU
		{3FFC6EA2-71A1-4613-8169-18E4C781AD60}.Debug|x64.ActiveCfg = Debug|Any CPU
		{3FFC6EA2-71A1-4613-8169-18E4C781AD60}.Debug|x64.Build.0 = Debug|Any CPU
		{3FFC6EA2-71A1-4613-8169-18E4C781AD60}.Debug|x86.ActiveCfg = Debug|Any CPU
		{3FFC6EA2-71A1-4613-8169-18E4C781AD60}.Debug|x86.Build.0 = Debug|Any CPU
		{3FFC6EA2-71A1-4613-8169-18E4C781AD60}.Release|Any CPU.ActiveCfg = Release|Any CPU
		{3FFC6EA2-71A1-4613-8169-18E4C781AD60}.Release|Any CPU.Build.0 = Release|Any CPU
		{3FFC6EA2-71A1-4613-8169-18E4C781AD60}.Release|x64.ActiveCfg = Release|Any CPU
		{3FFC6EA2-71A1-4613-8169-18E4C781AD60}.Release|x64.Build.0 = Release|Any CPU
		{3FFC6EA2-71A1-4613-8169-18E4C781AD60}.Release|x86.ActiveCfg = Release|Any CPU
		{3FFC6EA2-71A1-4613-8169-18E4C781AD60}.Release|x86.Build.0 = Release|Any CPU
	EndGlobalSection
	GlobalSection(SolutionProperties) = preSolution
		HideSolutionNode = FALSE
	EndGlobalSection
	GlobalSection(NestedProjects) = preSolution
		{A847CC18-66E8-413B-9A7A-D3BE3A5EE349} = {827E0CD3-B72D-47B6-A68D-7590B98EB39B}
		{3FF8C0E2-FB5A-4EC5-A0F0-CA4951BCD0D5} = {827E0CD3-B72D-47B6-A68D-7590B98EB39B}
		{4C0F102D-2118-4315-9CA0-60F9A82EE365} = {827E0CD3-B72D-47B6-A68D-7590B98EB39B}
		{B56757EA-DD4C-4169-9DC4-E52891523D69} = {827E0CD3-B72D-47B6-A68D-7590B98EB39B}
		{F88F3411-D0C9-4AF7-B584-0D9E28367C5C} = {827E0CD3-B72D-47B6-A68D-7590B98EB39B}
		{F2B07359-A323-4DC2-90E3-B4EAEB94439F} = {827E0CD3-B72D-47B6-A68D-7590B98EB39B}
		{80276477-75E8-4E34-83A6-3FC81A8A708B} = {827E0CD3-B72D-47B6-A68D-7590B98EB39B}
		{3FFC6EA2-71A1-4613-8169-18E4C781AD60} = {827E0CD3-B72D-47B6-A68D-7590B98EB39B}
	EndGlobalSection
EndGlobal
